
Microsoft Visual Studio Solution File, Format Version 12.00
# Visual Studio Version 17
VisualStudioVersion = 17.11.35222.181
MinimumVisualStudioVersion = 10.0.40219.1
Project("{FAE04EC0-301F-11D3-BF4B-00C04F79EFBC}") = "WpfApp2", "WpfApp2\WpfApp2.csproj", "{3881183C-7D8A-406B-93A0-D0DE0575E5AE}"
EndProject
Global
	GlobalSection(SolutionConfigurationPlatforms) = preSolution
		Debug|Any CPU = Debug|Any CPU
		Release|Any CPU = Release|Any CPU
	EndGlobalSection
	GlobalSection(ProjectConfigurationPlatforms) = postSolution
		{3881183C-7D8A-406B-93A0-D0DE0575E5AE}.Debug|Any CPU.ActiveCfg = Debug|Any CPU
		{3881183C-7D8A-406B-93A0-D0DE0575E5AE}.Debug|Any CPU.Build.0 = Debug|Any CPU
		{3881183C-7D8A-406B-93A0-D0DE0575E5AE}.Release|Any CPU.ActiveCfg = Release|Any CPU
		{3881183C-7D8A-406B-93A0-D0DE0575E5AE}.Release|Any CPU.Build.0 = Release|Any CPU
	EndGlobalSection
	GlobalSection(SolutionProperties) = preSolution
		HideSolutionNode = FALSE
	EndGlobalSection
	GlobalSection(ExtensibilityGlobals) = postSolution
		SolutionGuid = {59E82C16-DF04-4E25-A678-E42C78AA24AE}
	EndGlobalSection
EndGlobal
